# THIS IS AN AUTOGENERATED FILE. DO NOT EDIT THIS FILE DIRECTLY.
# yarn lockfile v1


fsevents@~2.1.2:
  version "2.1.2"
  resolved "https://registry.yarnpkg.com/fsevents/-/fsevents-2.1.2.tgz#4c0a1fb34bc68e543b4b82a9ec392bfbda840805"
  integrity sha512-R4wDiBwZ0KzpgOWetKDug1FZcYhqYnUYKtfZYt4mD5SBz76q0KR4Q9o7GIPamsVPGmW3EYPPJ0dOOjvx32ldZA==

rollup@^2.3.0:
  version "2.3.0"
  resolved "https://registry.yarnpkg.com/rollup/-/rollup-2.3.0.tgz#0b9e1c19bea22464958854dae646b8b40d2d3ed5"
  integrity sha512-nIq2Z9YwNbEfqTlAXe/tVl8CwUsjX/8Q5Jxlx+JRoYCu5keKLc6k0zyt11sM6WtCDxhmmJEIosFy9y26ZFRx6w==
  optionalDependencies:
    fsevents "~2.1.2"
